// !$*UTF8*$!
{
	archiveVersion = 1;
	classes = {
	};
	objectVersion = 56;
	objects = {

/* Begin PBXBuildFile section */
		0736DC1B2AD502CE002F1FE0 /* HodoriApp.swift in Sources */ = {isa = PBXBuildFile; fileRef = 0736DC1A2AD502CE002F1FE0 /* HodoriApp.swift */; };
		0736DC1D2AD502CE002F1FE0 /* ContentView.swift in Sources */ = {isa = PBXBuildFile; fileRef = 0736DC1C2AD502CE002F1FE0 /* ContentView.swift */; };
		0736DC232AD502CF002F1FE0 /* Preview Assets.xcassets in Resources */ = {isa = PBXBuildFile; fileRef = 0736DC222AD502CF002F1FE0 /* Preview Assets.xcassets */; };
		0742D8C82AFF863200FBF183 /* KeyboardManager.swift in Sources */ = {isa = PBXBuildFile; fileRef = 0742D8C72AFF863200FBF183 /* KeyboardManager.swift */; };
		079F1A792B00CB0D00A00E18 /* String+.swift in Sources */ = {isa = PBXBuildFile; fileRef = 079F1A782B00CB0D00A00E18 /* String+.swift */; };
		07D25F562AFC151800541584 /* PrioritySettingTestView.swift in Sources */ = {isa = PBXBuildFile; fileRef = 07D25F552AFC151800541584 /* PrioritySettingTestView.swift */; };
		07D736622AF6AD1500C04D11 /* Meeting.swift in Sources */ = {isa = PBXBuildFile; fileRef = 07D736612AF6AD1500C04D11 /* Meeting.swift */; };
		07D736642AF6AD1C00C04D11 /* Agenda.swift in Sources */ = {isa = PBXBuildFile; fileRef = 07D736632AF6AD1C00C04D11 /* Agenda.swift */; };
		07D736722AF8DB6A00C04D11 /* StartView.swift in Sources */ = {isa = PBXBuildFile; fileRef = 07D736712AF8DB6A00C04D11 /* StartView.swift */; };
		07D736742AF8DB8600C04D11 /* AgendaSettingView.swift in Sources */ = {isa = PBXBuildFile; fileRef = 07D736732AF8DB8600C04D11 /* AgendaSettingView.swift */; };
		07D736762AF8DBA700C04D11 /* HistoryView.swift in Sources */ = {isa = PBXBuildFile; fileRef = 07D736752AF8DBA700C04D11 /* HistoryView.swift */; };
		07D736782AF8DBB700C04D11 /* HistoryDetailView.swift in Sources */ = {isa = PBXBuildFile; fileRef = 07D736772AF8DBB700C04D11 /* HistoryDetailView.swift */; };
		07D7367B2AF91D3200C04D11 /* AgendaView.swift in Sources */ = {isa = PBXBuildFile; fileRef = 07D7367A2AF91D3200C04D11 /* AgendaView.swift */; };
		86B5DADE2AF8AF5A00AD5F56 /* NavigationManager.swift in Sources */ = {isa = PBXBuildFile; fileRef = 86B5DADD2AF8AF5A00AD5F56 /* NavigationManager.swift */; };
		86B5DAE62AF8B39000AD5F56 /* MeetingManager.swift in Sources */ = {isa = PBXBuildFile; fileRef = 86B5DAE52AF8B39000AD5F56 /* MeetingManager.swift */; };
/* End PBXBuildFile section */

/* Begin PBXFileReference section */
		0736DC172AD502CE002F1FE0 /* Hodori.app */ = {isa = PBXFileReference; explicitFileType = wrapper.application; includeInIndex = 0; path = Hodori.app; sourceTree = BUILT_PRODUCTS_DIR; };
		0736DC1A2AD502CE002F1FE0 /* HodoriApp.swift */ = {isa = PBXFileReference; lastKnownFileType = sourcecode.swift; path = HodoriApp.swift; sourceTree = "<group>"; };
		0736DC1C2AD502CE002F1FE0 /* ContentView.swift */ = {isa = PBXFileReference; lastKnownFileType = sourcecode.swift; path = ContentView.swift; sourceTree = "<group>"; };
		0736DC202AD502CF002F1FE0 /* Hodori.entitlements */ = {isa = PBXFileReference; lastKnownFileType = text.plist.entitlements; path = Hodori.entitlements; sourceTree = "<group>"; };
		0736DC222AD502CF002F1FE0 /* Preview Assets.xcassets */ = {isa = PBXFileReference; lastKnownFileType = folder.assetcatalog; path = "Preview Assets.xcassets"; sourceTree = "<group>"; };
		0742D8C72AFF863200FBF183 /* KeyboardManager.swift */ = {isa = PBXFileReference; lastKnownFileType = sourcecode.swift; path = KeyboardManager.swift; sourceTree = "<group>"; };
		079F1A782B00CB0D00A00E18 /* String+.swift */ = {isa = PBXFileReference; lastKnownFileType = sourcecode.swift; path = "String+.swift"; sourceTree = "<group>"; };
		07D25F552AFC151800541584 /* PrioritySettingTestView.swift */ = {isa = PBXFileReference; lastKnownFileType = sourcecode.swift; path = PrioritySettingTestView.swift; sourceTree = "<group>"; };
		07D736612AF6AD1500C04D11 /* Meeting.swift */ = {isa = PBXFileReference; lastKnownFileType = sourcecode.swift; path = Meeting.swift; sourceTree = "<group>"; };
		07D736632AF6AD1C00C04D11 /* Agenda.swift */ = {isa = PBXFileReference; lastKnownFileType = sourcecode.swift; path = Agenda.swift; sourceTree = "<group>"; };
		07D736712AF8DB6A00C04D11 /* StartView.swift */ = {isa = PBXFileReference; lastKnownFileType = sourcecode.swift; path = StartView.swift; sourceTree = "<group>"; };
		07D736732AF8DB8600C04D11 /* AgendaSettingView.swift */ = {isa = PBXFileReference; lastKnownFileType = sourcecode.swift; path = AgendaSettingView.swift; sourceTree = "<group>"; };
		07D736752AF8DBA700C04D11 /* HistoryView.swift */ = {isa = PBXFileReference; lastKnownFileType = sourcecode.swift; path = HistoryView.swift; sourceTree = "<group>"; };
		07D736772AF8DBB700C04D11 /* HistoryDetailView.swift */ = {isa = PBXFileReference; lastKnownFileType = sourcecode.swift; path = HistoryDetailView.swift; sourceTree = "<group>"; };
		07D7367A2AF91D3200C04D11 /* AgendaView.swift */ = {isa = PBXFileReference; lastKnownFileType = sourcecode.swift; path = AgendaView.swift; sourceTree = "<group>"; };
		86B5DADD2AF8AF5A00AD5F56 /* NavigationManager.swift */ = {isa = PBXFileReference; lastKnownFileType = sourcecode.swift; path = NavigationManager.swift; sourceTree = "<group>"; };
		86B5DAE52AF8B39000AD5F56 /* MeetingManager.swift */ = {isa = PBXFileReference; lastKnownFileType = sourcecode.swift; path = MeetingManager.swift; sourceTree = "<group>"; };
/* End PBXFileReference section */

/* Begin PBXFrameworksBuildPhase section */
		0736DC142AD502CE002F1FE0 /* Frameworks */ = {
			isa = PBXFrameworksBuildPhase;
			buildActionMask = 2147483647;
			files = (
			);
			runOnlyForDeploymentPostprocessing = 0;
		};
/* End PBXFrameworksBuildPhase section */

/* Begin PBXGroup section */
		0736DC0E2AD502CE002F1FE0 = {
			isa = PBXGroup;
			children = (
				0736DC192AD502CE002F1FE0 /* Hodori */,
				0736DC182AD502CE002F1FE0 /* Products */,
			);
			sourceTree = "<group>";
		};
		0736DC182AD502CE002F1FE0 /* Products */ = {
			isa = PBXGroup;
			children = (
				0736DC172AD502CE002F1FE0 /* Hodori.app */,
			);
			name = Products;
			sourceTree = "<group>";
		};
		0736DC192AD502CE002F1FE0 /* Hodori */ = {
			isa = PBXGroup;
			children = (
				07D736602AF6AD0D00C04D11 /* Models */,
				86B5DADC2AF8AF1000AD5F56 /* Managers */,
				86B5DAE12AF8B1D000AD5F56 /* Views */,
				86B5DADF2AF8B1B300AD5F56 /* Extensions */,
				86B5DAE22AF8B1E200AD5F56 /* Errors */,
				86B5DAE42AF8B25800AD5F56 /* Resources */,
				0736DC1A2AD502CE002F1FE0 /* HodoriApp.swift */,
				0736DC1C2AD502CE002F1FE0 /* ContentView.swift */,
				0736DC202AD502CF002F1FE0 /* Hodori.entitlements */,
				0736DC212AD502CF002F1FE0 /* Preview Content */,
			);
			path = Hodori;
			sourceTree = "<group>";
		};
		0736DC212AD502CF002F1FE0 /* Preview Content */ = {
			isa = PBXGroup;
			children = (
				0736DC222AD502CF002F1FE0 /* Preview Assets.xcassets */,
			);
			path = "Preview Content";
			sourceTree = "<group>";
		};
		07D736602AF6AD0D00C04D11 /* Models */ = {
			isa = PBXGroup;
			children = (
				07D736612AF6AD1500C04D11 /* Meeting.swift */,
				07D736632AF6AD1C00C04D11 /* Agenda.swift */,
			);
			path = Models;
			sourceTree = "<group>";
		};
		07D736792AF91D1900C04D11 /* AgendaSetting */ = {
			isa = PBXGroup;
			children = (
				07D736732AF8DB8600C04D11 /* AgendaSettingView.swift */,
				07D7367A2AF91D3200C04D11 /* AgendaView.swift */,
			);
			path = AgendaSetting;
			sourceTree = "<group>";
		};
		86B5DADC2AF8AF1000AD5F56 /* Managers */ = {
			isa = PBXGroup;
			children = (
				86B5DADD2AF8AF5A00AD5F56 /* NavigationManager.swift */,
				86B5DAE52AF8B39000AD5F56 /* MeetingManager.swift */,
				0742D8C72AFF863200FBF183 /* KeyboardManager.swift */,
			);
			path = Managers;
			sourceTree = "<group>";
		};
		86B5DADF2AF8B1B300AD5F56 /* Extensions */ = {
			isa = PBXGroup;
			children = (
				079F1A782B00CB0D00A00E18 /* String+.swift */,
			);
			path = Extensions;
			sourceTree = "<group>";
		};
		86B5DAE12AF8B1D000AD5F56 /* Views */ = {
			isa = PBXGroup;
			children = (
				07D736792AF91D1900C04D11 /* AgendaSetting */,
				07D736712AF8DB6A00C04D11 /* StartView.swift */,
				07D736752AF8DBA700C04D11 /* HistoryView.swift */,
				07D736772AF8DBB700C04D11 /* HistoryDetailView.swift */,
				07D25F552AFC151800541584 /* PrioritySettingTestView.swift */,
			);
			path = Views;
			sourceTree = "<group>";
		};
		86B5DAE22AF8B1E200AD5F56 /* Errors */ = {
			isa = PBXGroup;
			children = (
			);
			path = Errors;
			sourceTree = "<group>";
		};
		86B5DAE42AF8B25800AD5F56 /* Resources */ = {
			isa = PBXGroup;
			children = (
			);
			path = Resources;
			sourceTree = "<group>";
		};
/* End PBXGroup section */

/* Begin PBXNativeTarget section */
		0736DC162AD502CE002F1FE0 /* Hodori */ = {
			isa = PBXNativeTarget;
			buildConfigurationList = 0736DC262AD502CF002F1FE0 /* Build configuration list for PBXNativeTarget "Hodori" */;
			buildPhases = (
				0736DC132AD502CE002F1FE0 /* Sources */,
				0736DC142AD502CE002F1FE0 /* Frameworks */,
				0736DC152AD502CE002F1FE0 /* Resources */,
			);
			buildRules = (
			);
			dependencies = (
			);
			name = Hodori;
			packageProductDependencies = (
			);
			productName = Hodori;
			productReference = 0736DC172AD502CE002F1FE0 /* Hodori.app */;
			productType = "com.apple.product-type.application";
		};
/* End PBXNativeTarget section */

/* Begin PBXProject section */
		0736DC0F2AD502CE002F1FE0 /* Project object */ = {
			isa = PBXProject;
			attributes = {
				BuildIndependentTargetsInParallel = 1;
				LastSwiftUpdateCheck = 1500;
				LastUpgradeCheck = 1500;
				TargetAttributes = {
					0736DC162AD502CE002F1FE0 = {
						CreatedOnToolsVersion = 15.0;
					};
				};
			};
			buildConfigurationList = 0736DC122AD502CE002F1FE0 /* Build configuration list for PBXProject "Hodori" */;
			compatibilityVersion = "Xcode 14.0";
			developmentRegion = en;
			hasScannedForEncodings = 0;
			knownRegions = (
				en,
				Base,
			);
			mainGroup = 0736DC0E2AD502CE002F1FE0;
			packageReferences = (
			);
			productRefGroup = 0736DC182AD502CE002F1FE0 /* Products */;
			projectDirPath = "";
			projectRoot = "";
			targets = (
				0736DC162AD502CE002F1FE0 /* Hodori */,
			);
		};
/* End PBXProject section */

/* Begin PBXResourcesBuildPhase section */
		0736DC152AD502CE002F1FE0 /* Resources */ = {
			isa = PBXResourcesBuildPhase;
			buildActionMask = 2147483647;
			files = (
				0736DC232AD502CF002F1FE0 /* Preview Assets.xcassets in Resources */,
			);
			runOnlyForDeploymentPostprocessing = 0;
		};
/* End PBXResourcesBuildPhase section */

/* Begin PBXSourcesBuildPhase section */
		0736DC132AD502CE002F1FE0 /* Sources */ = {
			isa = PBXSourcesBuildPhase;
			buildActionMask = 2147483647;
			files = (
				07D25F562AFC151800541584 /* PrioritySettingTestView.swift in Sources */,
				0742D8C82AFF863200FBF183 /* KeyboardManager.swift in Sources */,
				07D7367B2AF91D3200C04D11 /* AgendaView.swift in Sources */,
				0736DC1D2AD502CE002F1FE0 /* ContentView.swift in Sources */,
				07D736622AF6AD1500C04D11 /* Meeting.swift in Sources */,
				07D736782AF8DBB700C04D11 /* HistoryDetailView.swift in Sources */,
				0736DC1B2AD502CE002F1FE0 /* HodoriApp.swift in Sources */,
				07D736742AF8DB8600C04D11 /* AgendaSettingView.swift in Sources */,
				07D736642AF6AD1C00C04D11 /* Agenda.swift in Sources */,
				86B5DADE2AF8AF5A00AD5F56 /* NavigationManager.swift in Sources */,
				86B5DAE62AF8B39000AD5F56 /* MeetingManager.swift in Sources */,
				07D736762AF8DBA700C04D11 /* HistoryView.swift in Sources */,
				079F1A792B00CB0D00A00E18 /* String+.swift in Sources */,
				07D736722AF8DB6A00C04D11 /* StartView.swift in Sources */,
			);
			runOnlyForDeploymentPostprocessing = 0;
		};
/* End PBXSourcesBuildPhase section */

/* Begin XCBuildConfiguration section */
		0736DC242AD502CF002F1FE0 /* Debug */ = {
			isa = XCBuildConfiguration;
			buildSettings = {
				ALWAYS_SEARCH_USER_PATHS = NO;
				ASSETCATALOG_COMPILER_GENERATE_SWIFT_ASSET_SYMBOL_EXTENSIONS = YES;
				CLANG_ANALYZER_NONNULL = YES;
				CLANG_ANALYZER_NUMBER_OBJECT_CONVERSION = YES_AGGRESSIVE;
				CLANG_CXX_LANGUAGE_STANDARD = "gnu++20";
				CLANG_ENABLE_MODULES = YES;
				CLANG_ENABLE_OBJC_ARC = YES;
				CLANG_ENABLE_OBJC_WEAK = YES;
				CLANG_WARN_BLOCK_CAPTURE_AUTORELEASING = YES;
				CLANG_WARN_BOOL_CONVERSION = YES;
				CLANG_WARN_COMMA = YES;
				CLANG_WARN_CONSTANT_CONVERSION = YES;
				CLANG_WARN_DEPRECATED_OBJC_IMPLEMENTATIONS = YES;
				CLANG_WARN_DIRECT_OBJC_ISA_USAGE = YES_ERROR;
				CLANG_WARN_DOCUMENTATION_COMMENTS = YES;
				CLANG_WARN_EMPTY_BODY = YES;
				CLANG_WARN_ENUM_CONVERSION = YES;
				CLANG_WARN_INFINITE_RECURSION = YES;
				CLANG_WARN_INT_CONVERSION = YES;
				CLANG_WARN_NON_LITERAL_NULL_CONVERSION = YES;
				CLANG_WARN_OBJC_IMPLICIT_RETAIN_SELF = YES;
				CLANG_WARN_OBJC_LITERAL_CONVERSION = YES;
				CLANG_WARN_OBJC_ROOT_CLASS = YES_ERROR;
				CLANG_WARN_QUOTED_INCLUDE_IN_FRAMEWORK_HEADER = YES;
				CLANG_WARN_RANGE_LOOP_ANALYSIS = YES;
				CLANG_WARN_STRICT_PROTOTYPES = YES;
				CLANG_WARN_SUSPICIOUS_MOVE = YES;
				CLANG_WARN_UNGUARDED_AVAILABILITY = YES_AGGRESSIVE;
				CLANG_WARN_UNREACHABLE_CODE = YES;
				CLANG_WARN__DUPLICATE_METHOD_MATCH = YES;
				COPY_PHASE_STRIP = NO;
				DEBUG_INFORMATION_FORMAT = dwarf;
				ENABLE_STRICT_OBJC_MSGSEND = YES;
				ENABLE_TESTABILITY = YES;
				ENABLE_USER_SCRIPT_SANDBOXING = YES;
				GCC_C_LANGUAGE_STANDARD = gnu17;
				GCC_DYNAMIC_NO_PIC = NO;
				GCC_NO_COMMON_BLOCKS = YES;
				GCC_OPTIMIZATION_LEVEL = 0;
				GCC_PREPROCESSOR_DEFINITIONS = (
					"DEBUG=1",
					"$(inherited)",
				);
				GCC_WARN_64_TO_32_BIT_CONVERSION = YES;
				GCC_WARN_ABOUT_RETURN_TYPE = YES_ERROR;
				GCC_WARN_UNDECLARED_SELECTOR = YES;
				GCC_WARN_UNINITIALIZED_AUTOS = YES_AGGRESSIVE;
				GCC_WARN_UNUSED_FUNCTION = YES;
				GCC_WARN_UNUSED_VARIABLE = YES;
				LOCALIZATION_PREFERS_STRING_CATALOGS = YES;
				MTL_ENABLE_DEBUG_INFO = INCLUDE_SOURCE;
				MTL_FAST_MATH = YES;
				ONLY_ACTIVE_ARCH = YES;
				SWIFT_ACTIVE_COMPILATION_CONDITIONS = "DEBUG $(inherited)";
				SWIFT_OPTIMIZATION_LEVEL = "-Onone";
			};
			name = Debug;
		};
		0736DC252AD502CF002F1FE0 /* Release */ = {
			isa = XCBuildConfiguration;
			buildSettings = {
				ALWAYS_SEARCH_USER_PATHS = NO;
				ASSETCATALOG_COMPILER_GENERATE_SWIFT_ASSET_SYMBOL_EXTENSIONS = YES;
				CLANG_ANALYZER_NONNULL = YES;
				CLANG_ANALYZER_NUMBER_OBJECT_CONVERSION = YES_AGGRESSIVE;
				CLANG_CXX_LANGUAGE_STANDARD = "gnu++20";
				CLANG_ENABLE_MODULES = YES;
				CLANG_ENABLE_OBJC_ARC = YES;
				CLANG_ENABLE_OBJC_WEAK = YES;
				CLANG_WARN_BLOCK_CAPTURE_AUTORELEASING = YES;
				CLANG_WARN_BOOL_CONVERSION = YES;
				CLANG_WARN_COMMA = YES;
				CLANG_WARN_CONSTANT_CONVERSION = YES;
				CLANG_WARN_DEPRECATED_OBJC_IMPLEMENTATIONS = YES;
				CLANG_WARN_DIRECT_OBJC_ISA_USAGE = YES_ERROR;
				CLANG_WARN_DOCUMENTATION_COMMENTS = YES;
				CLANG_WARN_EMPTY_BODY = YES;
				CLANG_WARN_ENUM_CONVERSION = YES;
				CLANG_WARN_INFINITE_RECURSION = YES;
				CLANG_WARN_INT_CONVERSION = YES;
				CLANG_WARN_NON_LITERAL_NULL_CONVERSION = YES;
				CLANG_WARN_OBJC_IMPLICIT_RETAIN_SELF = YES;
				CLANG_WARN_OBJC_LITERAL_CONVERSION = YES;
				CLANG_WARN_OBJC_ROOT_CLASS = YES_ERROR;
				CLANG_WARN_QUOTED_INCLUDE_IN_FRAMEWORK_HEADER = YES;
				CLANG_WARN_RANGE_LOOP_ANALYSIS = YES;
				CLANG_WARN_STRICT_PROTOTYPES = YES;
				CLANG_WARN_SUSPICIOUS_MOVE = YES;
				CLANG_WARN_UNGUARDED_AVAILABILITY = YES_AGGRESSIVE;
				CLANG_WARN_UNREACHABLE_CODE = YES;
				CLANG_WARN__DUPLICATE_METHOD_MATCH = YES;
				COPY_PHASE_STRIP = NO;
				DEBUG_INFORMATION_FORMAT = "dwarf-with-dsym";
				ENABLE_NS_ASSERTIONS = NO;
				ENABLE_STRICT_OBJC_MSGSEND = YES;
				ENABLE_USER_SCRIPT_SANDBOXING = YES;
				GCC_C_LANGUAGE_STANDARD = gnu17;
				GCC_NO_COMMON_BLOCKS = YES;
				GCC_WARN_64_TO_32_BIT_CONVERSION = YES;
				GCC_WARN_ABOUT_RETURN_TYPE = YES_ERROR;
				GCC_WARN_UNDECLARED_SELECTOR = YES;
				GCC_WARN_UNINITIALIZED_AUTOS = YES_AGGRESSIVE;
				GCC_WARN_UNUSED_FUNCTION = YES;
				GCC_WARN_UNUSED_VARIABLE = YES;
				LOCALIZATION_PREFERS_STRING_CATALOGS = YES;
				MTL_ENABLE_DEBUG_INFO = NO;
				MTL_FAST_MATH = YES;
				SWIFT_COMPILATION_MODE = wholemodule;
			};
			name = Release;
		};
		0736DC272AD502CF002F1FE0 /* Debug */ = {
			isa = XCBuildConfiguration;
			buildSettings = {
				ASSETCATALOG_COMPILER_GLOBAL_ACCENT_COLOR_NAME = AccentColor;
				CODE_SIGN_ENTITLEMENTS = Hodori/Hodori.entitlements;
				CODE_SIGN_STYLE = Automatic;
				CURRENT_PROJECT_VERSION = 1;
				DEVELOPMENT_ASSET_PATHS = "\"Hodori/Preview Content\"";
				DEVELOPMENT_TEAM = VGKCD7Q8NW;
				ENABLE_PREVIEWS = YES;
				GENERATE_INFOPLIST_FILE = YES;
				"INFOPLIST_KEY_UIApplicationSceneManifest_Generation[sdk=iphoneos*]" = YES;
				"INFOPLIST_KEY_UIApplicationSceneManifest_Generation[sdk=iphonesimulator*]" = YES;
				"INFOPLIST_KEY_UIApplicationSupportsIndirectInputEvents[sdk=iphoneos*]" = YES;
				"INFOPLIST_KEY_UIApplicationSupportsIndirectInputEvents[sdk=iphonesimulator*]" = YES;
				"INFOPLIST_KEY_UILaunchScreen_Generation[sdk=iphoneos*]" = YES;
				"INFOPLIST_KEY_UILaunchScreen_Generation[sdk=iphonesimulator*]" = YES;
				INFOPLIST_KEY_UIStatusBarStyle = "";
				"INFOPLIST_KEY_UIStatusBarStyle[sdk=iphoneos*]" = UIStatusBarStyleDefault;
				"INFOPLIST_KEY_UIStatusBarStyle[sdk=iphonesimulator*]" = UIStatusBarStyleDefault;
				INFOPLIST_KEY_UISupportedInterfaceOrientations = "UIInterfaceOrientationLandscapeLeft UIInterfaceOrientationLandscapeRight UIInterfaceOrientationPortrait";
				INFOPLIST_KEY_UISupportedInterfaceOrientations_iPad = "UIInterfaceOrientationLandscapeLeft UIInterfaceOrientationLandscapeRight UIInterfaceOrientationPortraitUpsideDown";
				IPHONEOS_DEPLOYMENT_TARGET = 16.0;
				LD_RUNPATH_SEARCH_PATHS = "@executable_path/Frameworks";
				"LD_RUNPATH_SEARCH_PATHS[sdk=macosx*]" = "@executable_path/../Frameworks";
				MACOSX_DEPLOYMENT_TARGET = 14.0;
				MARKETING_VERSION = 1.0;
				PRODUCT_BUNDLE_IDENTIFIER = Macro.Hodori;
				PRODUCT_NAME = "$(TARGET_NAME)";
				SDKROOT = auto;
				SUPPORTED_PLATFORMS = "iphoneos iphonesimulator";
				SUPPORTS_MACCATALYST = NO;
				SWIFT_EMIT_LOC_STRINGS = YES;
				SWIFT_VERSION = 5.0;
				TARGETED_DEVICE_FAMILY = 1;
			};
			name = Debug;
		};
		0736DC282AD502CF002F1FE0 /* Release */ = {
			isa = XCBuildConfiguration;
			buildSettings = {
				ASSETCATALOG_COMPILER_GLOBAL_ACCENT_COLOR_NAME = AccentColor;
				CODE_SIGN_ENTITLEMENTS = Hodori/Hodori.entitlements;
				CODE_SIGN_STYLE = Automatic;
				CURRENT_PROJECT_VERSION = 1;
				DEVELOPMENT_ASSET_PATHS = "\"Hodori/Preview Content\"";
				DEVELOPMENT_TEAM = VGKCD7Q8NW;
				ENABLE_PREVIEWS = YES;
				GENERATE_INFOPLIST_FILE = YES;
				"INFOPLIST_KEY_UIApplicationSceneManifest_Generation[sdk=iphoneos*]" = YES;
				"INFOPLIST_KEY_UIApplicationSceneManifest_Generation[sdk=iphonesimulator*]" = YES;
				"INFOPLIST_KEY_UIApplicationSupportsIndirectInputEvents[sdk=iphoneos*]" = YES;
				"INFOPLIST_KEY_UIApplicationSupportsIndirectInputEvents[sdk=iphonesimulator*]" = YES;
				"INFOPLIST_KEY_UILaunchScreen_Generation[sdk=iphoneos*]" = YES;
				"INFOPLIST_KEY_UILaunchScreen_Generation[sdk=iphonesimulator*]" = YES;
				INFOPLIST_KEY_UIStatusBarStyle = "";
				"INFOPLIST_KEY_UIStatusBarStyle[sdk=iphoneos*]" = UIStatusBarStyleDefault;
				"INFOPLIST_KEY_UIStatusBarStyle[sdk=iphonesimulator*]" = UIStatusBarStyleDefault;
				INFOPLIST_KEY_UISupportedInterfaceOrientations = "UIInterfaceOrientationLandscapeLeft UIInterfaceOrientationLandscapeRight UIInterfaceOrientationPortrait";
				INFOPLIST_KEY_UISupportedInterfaceOrientations_iPad = "UIInterfaceOrientationLandscapeLeft UIInterfaceOrientationLandscapeRight UIInterfaceOrientationPortraitUpsideDown";
				IPHONEOS_DEPLOYMENT_TARGET = 16.0;
				LD_RUNPATH_SEARCH_PATHS = "@executable_path/Frameworks";
				"LD_RUNPATH_SEARCH_PATHS[sdk=macosx*]" = "@executable_path/../Frameworks";
				MACOSX_DEPLOYMENT_TARGET = 14.0;
				MARKETING_VERSION = 1.0;
				PRODUCT_BUNDLE_IDENTIFIER = Macro.Hodori;
				PRODUCT_NAME = "$(TARGET_NAME)";
				SDKROOT = auto;
				SUPPORTED_PLATFORMS = "iphoneos iphonesimulator";
				SUPPORTS_MACCATALYST = NO;
				SWIFT_EMIT_LOC_STRINGS = YES;
				SWIFT_VERSION = 5.0;
				TARGETED_DEVICE_FAMILY = 1;
			};
			name = Release;
		};
/* End XCBuildConfiguration section */

/* Begin XCConfigurationList section */
		0736DC122AD502CE002F1FE0 /* Build configuration list for PBXProject "Hodori" */ = {
			isa = XCConfigurationList;
			buildConfigurations = (
				0736DC242AD502CF002F1FE0 /* Debug */,
				0736DC252AD502CF002F1FE0 /* Release */,
			);
			defaultConfigurationIsVisible = 0;
			defaultConfigurationName = Release;
		};
		0736DC262AD502CF002F1FE0 /* Build configuration list for PBXNativeTarget "Hodori" */ = {
			isa = XCConfigurationList;
			buildConfigurations = (
				0736DC272AD502CF002F1FE0 /* Debug */,
				0736DC282AD502CF002F1FE0 /* Release */,
			);
			defaultConfigurationIsVisible = 0;
			defaultConfigurationName = Release;
		};
/* End XCConfigurationList section */
	};
	rootObject = 0736DC0F2AD502CE002F1FE0 /* Project object */;
}
