// !$*UTF8*$!
{
	archiveVersion = 1;
	classes = {
	};
	objectVersion = 56;
	objects = {

/* Begin PBXBuildFile section */
		0736DC1B2AD502CE002F1FE0 /* HodoriApp.swift in Sources */ = {isa = PBXBuildFile; fileRef = 0736DC1A2AD502CE002F1FE0 /* HodoriApp.swift */; };
		0736DC1D2AD502CE002F1FE0 /* ContentView.swift in Sources */ = {isa = PBXBuildFile; fileRef = 0736DC1C2AD502CE002F1FE0 /* ContentView.swift */; };
		0736DC1F2AD502CF002F1FE0 /* Assets.xcassets in Resources */ = {isa = PBXBuildFile; fileRef = 0736DC1E2AD502CF002F1FE0 /* Assets.xcassets */; };
		0736DC232AD502CF002F1FE0 /* Preview Assets.xcassets in Resources */ = {isa = PBXBuildFile; fileRef = 0736DC222AD502CF002F1FE0 /* Preview Assets.xcassets */; };
		0736DC372AD5F05D002F1FE0 /* FirebaseAuth in Frameworks */ = {isa = PBXBuildFile; productRef = 0736DC362AD5F05D002F1FE0 /* FirebaseAuth */; };
		0736DC392AD5F05D002F1FE0 /* FirebaseAuthCombine-Community in Frameworks */ = {isa = PBXBuildFile; productRef = 0736DC382AD5F05D002F1FE0 /* FirebaseAuthCombine-Community */; };
		0736DC432AD5F05D002F1FE0 /* FirebaseFirestore in Frameworks */ = {isa = PBXBuildFile; productRef = 0736DC422AD5F05D002F1FE0 /* FirebaseFirestore */; };
		0736DC452AD5F05D002F1FE0 /* FirebaseFirestoreCombine-Community in Frameworks */ = {isa = PBXBuildFile; productRef = 0736DC442AD5F05D002F1FE0 /* FirebaseFirestoreCombine-Community */; };
		0736DC472AD5F05D002F1FE0 /* FirebaseFirestoreSwift in Frameworks */ = {isa = PBXBuildFile; productRef = 0736DC462AD5F05D002F1FE0 /* FirebaseFirestoreSwift */; };
		0785AF882ADFC19300791CC8 /* TimerCell.swift in Sources */ = {isa = PBXBuildFile; fileRef = 0785AF872ADFC19300791CC8 /* TimerCell.swift */; };
		0785AF8A2ADFC19D00791CC8 /* MeetingEndCheckView.swift in Sources */ = {isa = PBXBuildFile; fileRef = 0785AF892ADFC19D00791CC8 /* MeetingEndCheckView.swift */; };
		079E76DC2ADBD4D3009052B3 /* TimerManager.swift in Sources */ = {isa = PBXBuildFile; fileRef = 079E76DB2ADBD4D3009052B3 /* TimerManager.swift */; };
		079E76DF2ADBD51A009052B3 /* TimerError.swift in Sources */ = {isa = PBXBuildFile; fileRef = 079E76DE2ADBD51A009052B3 /* TimerError.swift */; };
		079E76E62ADBD593009052B3 /* AfterMeetingView.swift in Sources */ = {isa = PBXBuildFile; fileRef = 079E76E52ADBD593009052B3 /* AfterMeetingView.swift */; };
		079E76E82ADBD5D1009052B3 /* ExtendMeetingView.swift in Sources */ = {isa = PBXBuildFile; fileRef = 079E76E72ADBD5D1009052B3 /* ExtendMeetingView.swift */; };
		079E76EB2ADBD672009052B3 /* MeetingManager.swift in Sources */ = {isa = PBXBuildFile; fileRef = 079E76EA2ADBD672009052B3 /* MeetingManager.swift */; };
		079E76ED2ADBD67E009052B3 /* Meeting.swift in Sources */ = {isa = PBXBuildFile; fileRef = 079E76EC2ADBD67E009052B3 /* Meeting.swift */; };
		079E76EF2ADBD9DE009052B3 /* EvaluationCell.swift in Sources */ = {isa = PBXBuildFile; fileRef = 079E76EE2ADBD9DE009052B3 /* EvaluationCell.swift */; };
		079E76F12ADE4EF0009052B3 /* NewMeetingSetupView.swift in Sources */ = {isa = PBXBuildFile; fileRef = 079E76F02ADE4EF0009052B3 /* NewMeetingSetupView.swift */; };
		079E76F32ADE60FC009052B3 /* TimePickerView.swift in Sources */ = {isa = PBXBuildFile; fileRef = 079E76F22ADE60FC009052B3 /* TimePickerView.swift */; };
		079E76F52ADEB35F009052B3 /* String+.swift in Sources */ = {isa = PBXBuildFile; fileRef = 079E76F42ADEB35F009052B3 /* String+.swift */; };
		079E76F72ADEC0E6009052B3 /* ConfirmationAlert.swift in Sources */ = {isa = PBXBuildFile; fileRef = 079E76F62ADEC0E6009052B3 /* ConfirmationAlert.swift */; };
		079E76F92ADEC1A2009052B3 /* Int+.swift in Sources */ = {isa = PBXBuildFile; fileRef = 079E76F82ADEC1A2009052B3 /* Int+.swift */; };
		079E76FB2ADECEB7009052B3 /* MeetingView.swift in Sources */ = {isa = PBXBuildFile; fileRef = 079E76FA2ADECEB7009052B3 /* MeetingView.swift */; };
		07D7D8652ADF24400074A4FE /* ProgressBarCell.swift in Sources */ = {isa = PBXBuildFile; fileRef = 07D7D8642ADF24400074A4FE /* ProgressBarCell.swift */; };
		860A6B182ADD986900D79481 /* Pretendard-SemiBold.otf in Resources */ = {isa = PBXBuildFile; fileRef = 860A6B152ADD986900D79481 /* Pretendard-SemiBold.otf */; };
		860A6B192ADD986900D79481 /* Pretendard-Regular.otf in Resources */ = {isa = PBXBuildFile; fileRef = 860A6B162ADD986900D79481 /* Pretendard-Regular.otf */; };
		860A6B1A2ADD986900D79481 /* Pretendard-Medium.otf in Resources */ = {isa = PBXBuildFile; fileRef = 860A6B172ADD986900D79481 /* Pretendard-Medium.otf */; };
		860A6B1D2ADD98B200D79481 /* Font+.swift in Sources */ = {isa = PBXBuildFile; fileRef = 860A6B1C2ADD98B200D79481 /* Font+.swift */; };
		867907112ADD066C006397FD /* Color+.swift in Sources */ = {isa = PBXBuildFile; fileRef = 867907102ADD066C006397FD /* Color+.swift */; };
		867907132ADD075D006397FD /* UIColor+.swift in Sources */ = {isa = PBXBuildFile; fileRef = 867907122ADD075D006397FD /* UIColor+.swift */; };
/* End PBXBuildFile section */

/* Begin PBXFileReference section */
		0736DC172AD502CE002F1FE0 /* Hodori.app */ = {isa = PBXFileReference; explicitFileType = wrapper.application; includeInIndex = 0; path = Hodori.app; sourceTree = BUILT_PRODUCTS_DIR; };
		0736DC1A2AD502CE002F1FE0 /* HodoriApp.swift */ = {isa = PBXFileReference; lastKnownFileType = sourcecode.swift; path = HodoriApp.swift; sourceTree = "<group>"; };
		0736DC1C2AD502CE002F1FE0 /* ContentView.swift */ = {isa = PBXFileReference; lastKnownFileType = sourcecode.swift; path = ContentView.swift; sourceTree = "<group>"; };
		0736DC1E2AD502CF002F1FE0 /* Assets.xcassets */ = {isa = PBXFileReference; lastKnownFileType = folder.assetcatalog; path = Assets.xcassets; sourceTree = "<group>"; };
		0736DC202AD502CF002F1FE0 /* Hodori.entitlements */ = {isa = PBXFileReference; lastKnownFileType = text.plist.entitlements; path = Hodori.entitlements; sourceTree = "<group>"; };
		0736DC222AD502CF002F1FE0 /* Preview Assets.xcassets */ = {isa = PBXFileReference; lastKnownFileType = folder.assetcatalog; path = "Preview Assets.xcassets"; sourceTree = "<group>"; };
		0785AF872ADFC19300791CC8 /* TimerCell.swift */ = {isa = PBXFileReference; fileEncoding = 4; lastKnownFileType = sourcecode.swift; path = TimerCell.swift; sourceTree = "<group>"; };
		0785AF892ADFC19D00791CC8 /* MeetingEndCheckView.swift */ = {isa = PBXFileReference; fileEncoding = 4; lastKnownFileType = sourcecode.swift; name = MeetingEndCheckView.swift; path = MeetingEndCheck/MeetingEndCheckView.swift; sourceTree = "<group>"; };
		079E76DB2ADBD4D3009052B3 /* TimerManager.swift */ = {isa = PBXFileReference; lastKnownFileType = sourcecode.swift; path = TimerManager.swift; sourceTree = "<group>"; };
		079E76DE2ADBD51A009052B3 /* TimerError.swift */ = {isa = PBXFileReference; lastKnownFileType = sourcecode.swift; path = TimerError.swift; sourceTree = "<group>"; };
		079E76E52ADBD593009052B3 /* AfterMeetingView.swift */ = {isa = PBXFileReference; lastKnownFileType = sourcecode.swift; path = AfterMeetingView.swift; sourceTree = "<group>"; };
		079E76E72ADBD5D1009052B3 /* ExtendMeetingView.swift */ = {isa = PBXFileReference; lastKnownFileType = sourcecode.swift; path = ExtendMeetingView.swift; sourceTree = "<group>"; };
		079E76EA2ADBD672009052B3 /* MeetingManager.swift */ = {isa = PBXFileReference; lastKnownFileType = sourcecode.swift; path = MeetingManager.swift; sourceTree = "<group>"; };
		079E76EC2ADBD67E009052B3 /* Meeting.swift */ = {isa = PBXFileReference; lastKnownFileType = sourcecode.swift; path = Meeting.swift; sourceTree = "<group>"; };
		079E76EE2ADBD9DE009052B3 /* EvaluationCell.swift */ = {isa = PBXFileReference; lastKnownFileType = sourcecode.swift; path = EvaluationCell.swift; sourceTree = "<group>"; };
		079E76F02ADE4EF0009052B3 /* NewMeetingSetupView.swift */ = {isa = PBXFileReference; lastKnownFileType = sourcecode.swift; path = NewMeetingSetupView.swift; sourceTree = "<group>"; };
		079E76F22ADE60FC009052B3 /* TimePickerView.swift */ = {isa = PBXFileReference; lastKnownFileType = sourcecode.swift; path = TimePickerView.swift; sourceTree = "<group>"; };
		079E76F42ADEB35F009052B3 /* String+.swift */ = {isa = PBXFileReference; lastKnownFileType = sourcecode.swift; path = "String+.swift"; sourceTree = "<group>"; };
		079E76F62ADEC0E6009052B3 /* ConfirmationAlert.swift */ = {isa = PBXFileReference; lastKnownFileType = sourcecode.swift; path = ConfirmationAlert.swift; sourceTree = "<group>"; };
		079E76F82ADEC1A2009052B3 /* Int+.swift */ = {isa = PBXFileReference; lastKnownFileType = sourcecode.swift; path = "Int+.swift"; sourceTree = "<group>"; };
		079E76FA2ADECEB7009052B3 /* MeetingView.swift */ = {isa = PBXFileReference; lastKnownFileType = sourcecode.swift; path = MeetingView.swift; sourceTree = "<group>"; };
		07D7D8642ADF24400074A4FE /* ProgressBarCell.swift */ = {isa = PBXFileReference; lastKnownFileType = sourcecode.swift; path = ProgressBarCell.swift; sourceTree = "<group>"; };
		860A6B152ADD986900D79481 /* Pretendard-SemiBold.otf */ = {isa = PBXFileReference; lastKnownFileType = file; path = "Pretendard-SemiBold.otf"; sourceTree = "<group>"; };
		860A6B162ADD986900D79481 /* Pretendard-Regular.otf */ = {isa = PBXFileReference; lastKnownFileType = file; path = "Pretendard-Regular.otf"; sourceTree = "<group>"; };
		860A6B172ADD986900D79481 /* Pretendard-Medium.otf */ = {isa = PBXFileReference; lastKnownFileType = file; path = "Pretendard-Medium.otf"; sourceTree = "<group>"; };
		860A6B1B2ADD987B00D79481 /* Info.plist */ = {isa = PBXFileReference; lastKnownFileType = text.plist; path = Info.plist; sourceTree = "<group>"; };
		860A6B1C2ADD98B200D79481 /* Font+.swift */ = {isa = PBXFileReference; lastKnownFileType = sourcecode.swift; path = "Font+.swift"; sourceTree = "<group>"; };
		860A6B1F2ADE4E6E00D79481 /* TimerTestDummy.swift */ = {isa = PBXFileReference; lastKnownFileType = sourcecode.swift; path = TimerTestDummy.swift; sourceTree = "<group>"; };
		860A6B212ADE7A7700D79481 /* Int+.swift */ = {isa = PBXFileReference; lastKnownFileType = sourcecode.swift; path = "Int+.swift"; sourceTree = "<group>"; };
		867907102ADD066C006397FD /* Color+.swift */ = {isa = PBXFileReference; lastKnownFileType = sourcecode.swift; path = "Color+.swift"; sourceTree = "<group>"; };
		867907122ADD075D006397FD /* UIColor+.swift */ = {isa = PBXFileReference; lastKnownFileType = sourcecode.swift; path = "UIColor+.swift"; sourceTree = "<group>"; };
/* End PBXFileReference section */

/* Begin PBXFrameworksBuildPhase section */
		0736DC142AD502CE002F1FE0 /* Frameworks */ = {
			isa = PBXFrameworksBuildPhase;
			buildActionMask = 2147483647;
			files = (
				0736DC432AD5F05D002F1FE0 /* FirebaseFirestore in Frameworks */,
				0736DC472AD5F05D002F1FE0 /* FirebaseFirestoreSwift in Frameworks */,
				0736DC372AD5F05D002F1FE0 /* FirebaseAuth in Frameworks */,
				0736DC392AD5F05D002F1FE0 /* FirebaseAuthCombine-Community in Frameworks */,
				0736DC452AD5F05D002F1FE0 /* FirebaseFirestoreCombine-Community in Frameworks */,
			);
			runOnlyForDeploymentPostprocessing = 0;
		};
/* End PBXFrameworksBuildPhase section */

/* Begin PBXGroup section */
		0736DC0E2AD502CE002F1FE0 = {
			isa = PBXGroup;
			children = (
				0736DC192AD502CE002F1FE0 /* Hodori */,
				0736DC182AD502CE002F1FE0 /* Products */,
				0785AF862ADFC14800791CC8 /* Recovered References */,
			);
			sourceTree = "<group>";
		};
		0736DC182AD502CE002F1FE0 /* Products */ = {
			isa = PBXGroup;
			children = (
				0736DC172AD502CE002F1FE0 /* Hodori.app */,
			);
			name = Products;
			sourceTree = "<group>";
		};
		0736DC192AD502CE002F1FE0 /* Hodori */ = {
			isa = PBXGroup;
			children = (
				860A6B1B2ADD987B00D79481 /* Info.plist */,
				8679070F2ADD063A006397FD /* Extensions */,
				079E76E92ADBD668009052B3 /* Models */,
				079E76E02ADBD53A009052B3 /* Views */,
				079E76DD2ADBD501009052B3 /* Errors */,
				079E76DA2ADBD4C1009052B3 /* Managers */,
				0736DC4D2AD5F084002F1FE0 /* Resources */,
				0736DC1A2AD502CE002F1FE0 /* HodoriApp.swift */,
				0736DC1C2AD502CE002F1FE0 /* ContentView.swift */,
				0736DC202AD502CF002F1FE0 /* Hodori.entitlements */,
				0736DC212AD502CF002F1FE0 /* Preview Content */,
			);
			path = Hodori;
			sourceTree = "<group>";
		};
		0736DC212AD502CF002F1FE0 /* Preview Content */ = {
			isa = PBXGroup;
			children = (
				0736DC222AD502CF002F1FE0 /* Preview Assets.xcassets */,
			);
			path = "Preview Content";
			sourceTree = "<group>";
		};
		0736DC4D2AD5F084002F1FE0 /* Resources */ = {
			isa = PBXGroup;
			children = (
				860A6B142ADD985700D79481 /* Pretendard */,
				0736DC1E2AD502CF002F1FE0 /* Assets.xcassets */,
			);
			path = Resources;
			sourceTree = "<group>";
		};
		0785AF862ADFC14800791CC8 /* Recovered References */ = {
			isa = PBXGroup;
			children = (
				860A6B212ADE7A7700D79481 /* Int+.swift */,
			);
			name = "Recovered References";
			sourceTree = "<group>";
		};
		078C499F2ADF61A9001408B0 /* NewMeetingSetupView */ = {
			isa = PBXGroup;
			children = (
				079E76F22ADE60FC009052B3 /* TimePickerView.swift */,
				079E76F62ADEC0E6009052B3 /* ConfirmationAlert.swift */,
				079E76F02ADE4EF0009052B3 /* NewMeetingSetupView.swift */,
			);
			path = NewMeetingSetupView;
			sourceTree = "<group>";
		};
		078C49A02ADF61BE001408B0 /* MeetingView */ = {
			isa = PBXGroup;
			children = (
				07D7D8642ADF24400074A4FE /* ProgressBarCell.swift */,
				0785AF872ADFC19300791CC8 /* TimerCell.swift */,
				079E76FA2ADECEB7009052B3 /* MeetingView.swift */,
			);
			path = MeetingView;
			sourceTree = "<group>";
		};
		079E76DA2ADBD4C1009052B3 /* Managers */ = {
			isa = PBXGroup;
			children = (
				079E76EA2ADBD672009052B3 /* MeetingManager.swift */,
				079E76DB2ADBD4D3009052B3 /* TimerManager.swift */,
			);
			path = Managers;
			sourceTree = "<group>";
		};
		079E76DD2ADBD501009052B3 /* Errors */ = {
			isa = PBXGroup;
			children = (
				079E76DE2ADBD51A009052B3 /* TimerError.swift */,
			);
			path = Errors;
			sourceTree = "<group>";
		};
		079E76E02ADBD53A009052B3 /* Views */ = {
			isa = PBXGroup;
			children = (
				860A6B1E2ADE4E3600D79481 /* MeetingEndCheck */,
				078C49A02ADF61BE001408B0 /* MeetingView */,
				078C499F2ADF61A9001408B0 /* NewMeetingSetupView */,
				0785AF892ADFC19D00791CC8 /* MeetingEndCheckView.swift */,
				079E76E52ADBD593009052B3 /* AfterMeetingView.swift */,
				079E76EE2ADBD9DE009052B3 /* EvaluationCell.swift */,
			);
			path = Views;
			sourceTree = "<group>";
		};
		079E76E92ADBD668009052B3 /* Models */ = {
			isa = PBXGroup;
			children = (
				079E76EC2ADBD67E009052B3 /* Meeting.swift */,
			);
			path = Models;
			sourceTree = "<group>";
		};
		860A6B142ADD985700D79481 /* Pretendard */ = {
			isa = PBXGroup;
			children = (
				860A6B172ADD986900D79481 /* Pretendard-Medium.otf */,
				860A6B162ADD986900D79481 /* Pretendard-Regular.otf */,
				860A6B152ADD986900D79481 /* Pretendard-SemiBold.otf */,
			);
			path = Pretendard;
			sourceTree = "<group>";
		};
		860A6B1E2ADE4E3600D79481 /* MeetingEndCheck */ = {
			isa = PBXGroup;
			children = (
				079E76E72ADBD5D1009052B3 /* ExtendMeetingView.swift */,
				860A6B1F2ADE4E6E00D79481 /* TimerTestDummy.swift */,
			);
			path = MeetingEndCheck;
			sourceTree = "<group>";
		};
		8679070F2ADD063A006397FD /* Extensions */ = {
			isa = PBXGroup;
			children = (
				867907102ADD066C006397FD /* Color+.swift */,
				867907122ADD075D006397FD /* UIColor+.swift */,
				860A6B1C2ADD98B200D79481 /* Font+.swift */,
				079E76F42ADEB35F009052B3 /* String+.swift */,
				079E76F82ADEC1A2009052B3 /* Int+.swift */,
			);
			path = Extensions;
			sourceTree = "<group>";
		};
/* End PBXGroup section */

/* Begin PBXNativeTarget section */
		0736DC162AD502CE002F1FE0 /* Hodori */ = {
			isa = PBXNativeTarget;
			buildConfigurationList = 0736DC262AD502CF002F1FE0 /* Build configuration list for PBXNativeTarget "Hodori" */;
			buildPhases = (
				0736DC132AD502CE002F1FE0 /* Sources */,
				0736DC142AD502CE002F1FE0 /* Frameworks */,
				0736DC152AD502CE002F1FE0 /* Resources */,
			);
			buildRules = (
			);
			dependencies = (
			);
			name = Hodori;
			packageProductDependencies = (
				0736DC362AD5F05D002F1FE0 /* FirebaseAuth */,
				0736DC382AD5F05D002F1FE0 /* FirebaseAuthCombine-Community */,
				0736DC422AD5F05D002F1FE0 /* FirebaseFirestore */,
				0736DC442AD5F05D002F1FE0 /* FirebaseFirestoreCombine-Community */,
				0736DC462AD5F05D002F1FE0 /* FirebaseFirestoreSwift */,
			);
			productName = Hodori;
			productReference = 0736DC172AD502CE002F1FE0 /* Hodori.app */;
			productType = "com.apple.product-type.application";
		};
/* End PBXNativeTarget section */

/* Begin PBXProject section */
		0736DC0F2AD502CE002F1FE0 /* Project object */ = {
			isa = PBXProject;
			attributes = {
				BuildIndependentTargetsInParallel = 1;
				LastSwiftUpdateCheck = 1500;
				LastUpgradeCheck = 1500;
				TargetAttributes = {
					0736DC162AD502CE002F1FE0 = {
						CreatedOnToolsVersion = 15.0;
					};
				};
			};
			buildConfigurationList = 0736DC122AD502CE002F1FE0 /* Build configuration list for PBXProject "Hodori" */;
			compatibilityVersion = "Xcode 14.0";
			developmentRegion = en;
			hasScannedForEncodings = 0;
			knownRegions = (
				en,
				Base,
			);
			mainGroup = 0736DC0E2AD502CE002F1FE0;
			packageReferences = (
				0736DC292AD5F05D002F1FE0 /* XCRemoteSwiftPackageReference "firebase-ios-sdk" */,
			);
			productRefGroup = 0736DC182AD502CE002F1FE0 /* Products */;
			projectDirPath = "";
			projectRoot = "";
			targets = (
				0736DC162AD502CE002F1FE0 /* Hodori */,
			);
		};
/* End PBXProject section */

/* Begin PBXResourcesBuildPhase section */
		0736DC152AD502CE002F1FE0 /* Resources */ = {
			isa = PBXResourcesBuildPhase;
			buildActionMask = 2147483647;
			files = (
				860A6B182ADD986900D79481 /* Pretendard-SemiBold.otf in Resources */,
				860A6B1A2ADD986900D79481 /* Pretendard-Medium.otf in Resources */,
				860A6B192ADD986900D79481 /* Pretendard-Regular.otf in Resources */,
				0736DC232AD502CF002F1FE0 /* Preview Assets.xcassets in Resources */,
				0736DC1F2AD502CF002F1FE0 /* Assets.xcassets in Resources */,
			);
			runOnlyForDeploymentPostprocessing = 0;
		};
/* End PBXResourcesBuildPhase section */

/* Begin PBXSourcesBuildPhase section */
		0736DC132AD502CE002F1FE0 /* Sources */ = {
			isa = PBXSourcesBuildPhase;
			buildActionMask = 2147483647;
			files = (
				079E76DC2ADBD4D3009052B3 /* TimerManager.swift in Sources */,
				867907112ADD066C006397FD /* Color+.swift in Sources */,
				0736DC1D2AD502CE002F1FE0 /* ContentView.swift in Sources */,
				079E76F72ADEC0E6009052B3 /* ConfirmationAlert.swift in Sources */,
				079E76EB2ADBD672009052B3 /* MeetingManager.swift in Sources */,
				079E76F12ADE4EF0009052B3 /* NewMeetingSetupView.swift in Sources */,
				079E76EF2ADBD9DE009052B3 /* EvaluationCell.swift in Sources */,
				079E76F32ADE60FC009052B3 /* TimePickerView.swift in Sources */,
				0785AF8A2ADFC19D00791CC8 /* MeetingEndCheckView.swift in Sources */,
				079E76F92ADEC1A2009052B3 /* Int+.swift in Sources */,
				079E76ED2ADBD67E009052B3 /* Meeting.swift in Sources */,
				079E76FB2ADECEB7009052B3 /* MeetingView.swift in Sources */,
				07D7D8652ADF24400074A4FE /* ProgressBarCell.swift in Sources */,
				860A6B1D2ADD98B200D79481 /* Font+.swift in Sources */,
				079E76DF2ADBD51A009052B3 /* TimerError.swift in Sources */,
				0736DC1B2AD502CE002F1FE0 /* HodoriApp.swift in Sources */,
				0785AF882ADFC19300791CC8 /* TimerCell.swift in Sources */,
				867907132ADD075D006397FD /* UIColor+.swift in Sources */,
				079E76F52ADEB35F009052B3 /* String+.swift in Sources */,
				079E76E82ADBD5D1009052B3 /* ExtendMeetingView.swift in Sources */,
				079E76E62ADBD593009052B3 /* AfterMeetingView.swift in Sources */,
			);
			runOnlyForDeploymentPostprocessing = 0;
		};
/* End PBXSourcesBuildPhase section */

/* Begin XCBuildConfiguration section */
		0736DC242AD502CF002F1FE0 /* Debug */ = {
			isa = XCBuildConfiguration;
			buildSettings = {
				ALWAYS_SEARCH_USER_PATHS = NO;
				ASSETCATALOG_COMPILER_GENERATE_SWIFT_ASSET_SYMBOL_EXTENSIONS = YES;
				CLANG_ANALYZER_NONNULL = YES;
				CLANG_ANALYZER_NUMBER_OBJECT_CONVERSION = YES_AGGRESSIVE;
				CLANG_CXX_LANGUAGE_STANDARD = "gnu++20";
				CLANG_ENABLE_MODULES = YES;
				CLANG_ENABLE_OBJC_ARC = YES;
				CLANG_ENABLE_OBJC_WEAK = YES;
				CLANG_WARN_BLOCK_CAPTURE_AUTORELEASING = YES;
				CLANG_WARN_BOOL_CONVERSION = YES;
				CLANG_WARN_COMMA = YES;
				CLANG_WARN_CONSTANT_CONVERSION = YES;
				CLANG_WARN_DEPRECATED_OBJC_IMPLEMENTATIONS = YES;
				CLANG_WARN_DIRECT_OBJC_ISA_USAGE = YES_ERROR;
				CLANG_WARN_DOCUMENTATION_COMMENTS = YES;
				CLANG_WARN_EMPTY_BODY = YES;
				CLANG_WARN_ENUM_CONVERSION = YES;
				CLANG_WARN_INFINITE_RECURSION = YES;
				CLANG_WARN_INT_CONVERSION = YES;
				CLANG_WARN_NON_LITERAL_NULL_CONVERSION = YES;
				CLANG_WARN_OBJC_IMPLICIT_RETAIN_SELF = YES;
				CLANG_WARN_OBJC_LITERAL_CONVERSION = YES;
				CLANG_WARN_OBJC_ROOT_CLASS = YES_ERROR;
				CLANG_WARN_QUOTED_INCLUDE_IN_FRAMEWORK_HEADER = YES;
				CLANG_WARN_RANGE_LOOP_ANALYSIS = YES;
				CLANG_WARN_STRICT_PROTOTYPES = YES;
				CLANG_WARN_SUSPICIOUS_MOVE = YES;
				CLANG_WARN_UNGUARDED_AVAILABILITY = YES_AGGRESSIVE;
				CLANG_WARN_UNREACHABLE_CODE = YES;
				CLANG_WARN__DUPLICATE_METHOD_MATCH = YES;
				COPY_PHASE_STRIP = NO;
				DEBUG_INFORMATION_FORMAT = dwarf;
				ENABLE_STRICT_OBJC_MSGSEND = YES;
				ENABLE_TESTABILITY = YES;
				ENABLE_USER_SCRIPT_SANDBOXING = YES;
				GCC_C_LANGUAGE_STANDARD = gnu17;
				GCC_DYNAMIC_NO_PIC = NO;
				GCC_NO_COMMON_BLOCKS = YES;
				GCC_OPTIMIZATION_LEVEL = 0;
				GCC_PREPROCESSOR_DEFINITIONS = (
					"DEBUG=1",
					"$(inherited)",
				);
				GCC_WARN_64_TO_32_BIT_CONVERSION = YES;
				GCC_WARN_ABOUT_RETURN_TYPE = YES_ERROR;
				GCC_WARN_UNDECLARED_SELECTOR = YES;
				GCC_WARN_UNINITIALIZED_AUTOS = YES_AGGRESSIVE;
				GCC_WARN_UNUSED_FUNCTION = YES;
				GCC_WARN_UNUSED_VARIABLE = YES;
				IPHONEOS_DEPLOYMENT_TARGET = 16.0;
				LOCALIZATION_PREFERS_STRING_CATALOGS = YES;
				MTL_ENABLE_DEBUG_INFO = INCLUDE_SOURCE;
				MTL_FAST_MATH = YES;
				ONLY_ACTIVE_ARCH = YES;
				SWIFT_ACTIVE_COMPILATION_CONDITIONS = "DEBUG $(inherited)";
				SWIFT_OPTIMIZATION_LEVEL = "-Onone";
			};
			name = Debug;
		};
		0736DC252AD502CF002F1FE0 /* Release */ = {
			isa = XCBuildConfiguration;
			buildSettings = {
				ALWAYS_SEARCH_USER_PATHS = NO;
				ASSETCATALOG_COMPILER_GENERATE_SWIFT_ASSET_SYMBOL_EXTENSIONS = YES;
				CLANG_ANALYZER_NONNULL = YES;
				CLANG_ANALYZER_NUMBER_OBJECT_CONVERSION = YES_AGGRESSIVE;
				CLANG_CXX_LANGUAGE_STANDARD = "gnu++20";
				CLANG_ENABLE_MODULES = YES;
				CLANG_ENABLE_OBJC_ARC = YES;
				CLANG_ENABLE_OBJC_WEAK = YES;
				CLANG_WARN_BLOCK_CAPTURE_AUTORELEASING = YES;
				CLANG_WARN_BOOL_CONVERSION = YES;
				CLANG_WARN_COMMA = YES;
				CLANG_WARN_CONSTANT_CONVERSION = YES;
				CLANG_WARN_DEPRECATED_OBJC_IMPLEMENTATIONS = YES;
				CLANG_WARN_DIRECT_OBJC_ISA_USAGE = YES_ERROR;
				CLANG_WARN_DOCUMENTATION_COMMENTS = YES;
				CLANG_WARN_EMPTY_BODY = YES;
				CLANG_WARN_ENUM_CONVERSION = YES;
				CLANG_WARN_INFINITE_RECURSION = YES;
				CLANG_WARN_INT_CONVERSION = YES;
				CLANG_WARN_NON_LITERAL_NULL_CONVERSION = YES;
				CLANG_WARN_OBJC_IMPLICIT_RETAIN_SELF = YES;
				CLANG_WARN_OBJC_LITERAL_CONVERSION = YES;
				CLANG_WARN_OBJC_ROOT_CLASS = YES_ERROR;
				CLANG_WARN_QUOTED_INCLUDE_IN_FRAMEWORK_HEADER = YES;
				CLANG_WARN_RANGE_LOOP_ANALYSIS = YES;
				CLANG_WARN_STRICT_PROTOTYPES = YES;
				CLANG_WARN_SUSPICIOUS_MOVE = YES;
				CLANG_WARN_UNGUARDED_AVAILABILITY = YES_AGGRESSIVE;
				CLANG_WARN_UNREACHABLE_CODE = YES;
				CLANG_WARN__DUPLICATE_METHOD_MATCH = YES;
				COPY_PHASE_STRIP = NO;
				DEBUG_INFORMATION_FORMAT = "dwarf-with-dsym";
				ENABLE_NS_ASSERTIONS = NO;
				ENABLE_STRICT_OBJC_MSGSEND = YES;
				ENABLE_USER_SCRIPT_SANDBOXING = YES;
				GCC_C_LANGUAGE_STANDARD = gnu17;
				GCC_NO_COMMON_BLOCKS = YES;
				GCC_WARN_64_TO_32_BIT_CONVERSION = YES;
				GCC_WARN_ABOUT_RETURN_TYPE = YES_ERROR;
				GCC_WARN_UNDECLARED_SELECTOR = YES;
				GCC_WARN_UNINITIALIZED_AUTOS = YES_AGGRESSIVE;
				GCC_WARN_UNUSED_FUNCTION = YES;
				GCC_WARN_UNUSED_VARIABLE = YES;
				IPHONEOS_DEPLOYMENT_TARGET = 16.0;
				LOCALIZATION_PREFERS_STRING_CATALOGS = YES;
				MTL_ENABLE_DEBUG_INFO = NO;
				MTL_FAST_MATH = YES;
				SWIFT_COMPILATION_MODE = wholemodule;
			};
			name = Release;
		};
		0736DC272AD502CF002F1FE0 /* Debug */ = {
			isa = XCBuildConfiguration;
			buildSettings = {
				ASSETCATALOG_COMPILER_APPICON_NAME = AppIcon;
				ASSETCATALOG_COMPILER_GLOBAL_ACCENT_COLOR_NAME = AccentColor;
				CODE_SIGN_ENTITLEMENTS = Hodori/Hodori.entitlements;
				CODE_SIGN_IDENTITY = "Apple Development";
				CODE_SIGN_STYLE = Automatic;
				CURRENT_PROJECT_VERSION = 1;
				DEVELOPMENT_ASSET_PATHS = "\"Hodori/Preview Content\"";
				DEVELOPMENT_TEAM = VGKCD7Q8NW;
				ENABLE_PREVIEWS = YES;
				GENERATE_INFOPLIST_FILE = YES;
				INFOPLIST_FILE = Hodori/Info.plist;
				"INFOPLIST_KEY_UIApplicationSceneManifest_Generation[sdk=iphoneos*]" = YES;
				"INFOPLIST_KEY_UIApplicationSceneManifest_Generation[sdk=iphonesimulator*]" = YES;
				"INFOPLIST_KEY_UIApplicationSupportsIndirectInputEvents[sdk=iphoneos*]" = YES;
				"INFOPLIST_KEY_UIApplicationSupportsIndirectInputEvents[sdk=iphonesimulator*]" = YES;
				"INFOPLIST_KEY_UILaunchScreen_Generation[sdk=iphoneos*]" = YES;
				"INFOPLIST_KEY_UILaunchScreen_Generation[sdk=iphonesimulator*]" = YES;
				INFOPLIST_KEY_UIStatusBarStyle = "";
				"INFOPLIST_KEY_UIStatusBarStyle[sdk=iphoneos*]" = UIStatusBarStyleDefault;
				"INFOPLIST_KEY_UIStatusBarStyle[sdk=iphonesimulator*]" = UIStatusBarStyleDefault;
				INFOPLIST_KEY_UISupportedInterfaceOrientations = "UIInterfaceOrientationLandscapeLeft UIInterfaceOrientationLandscapeRight UIInterfaceOrientationPortrait";
				INFOPLIST_KEY_UISupportedInterfaceOrientations_iPad = "UIInterfaceOrientationLandscapeLeft UIInterfaceOrientationLandscapeRight";
				IPHONEOS_DEPLOYMENT_TARGET = 16.0;
				LD_RUNPATH_SEARCH_PATHS = "@executable_path/Frameworks";
				"LD_RUNPATH_SEARCH_PATHS[sdk=macosx*]" = "@executable_path/../Frameworks";
				MACOSX_DEPLOYMENT_TARGET = 14.0;
				MARKETING_VERSION = 1.0;
				PRODUCT_BUNDLE_IDENTIFIER = Macro.Hodori;
				PRODUCT_NAME = "$(TARGET_NAME)";
				PROVISIONING_PROFILE_SPECIFIER = "";
				SDKROOT = auto;
				SUPPORTED_PLATFORMS = "iphoneos iphonesimulator";
				SUPPORTS_MACCATALYST = NO;
				SWIFT_EMIT_LOC_STRINGS = YES;
				SWIFT_VERSION = 5.0;
				TARGETED_DEVICE_FAMILY = 2;
			};
			name = Debug;
		};
		0736DC282AD502CF002F1FE0 /* Release */ = {
			isa = XCBuildConfiguration;
			buildSettings = {
				ASSETCATALOG_COMPILER_APPICON_NAME = AppIcon;
				ASSETCATALOG_COMPILER_GLOBAL_ACCENT_COLOR_NAME = AccentColor;
				CODE_SIGN_ENTITLEMENTS = Hodori/Hodori.entitlements;
				CODE_SIGN_IDENTITY = "Apple Development";
				CODE_SIGN_STYLE = Automatic;
				CURRENT_PROJECT_VERSION = 1;
				DEVELOPMENT_ASSET_PATHS = "\"Hodori/Preview Content\"";
				DEVELOPMENT_TEAM = VGKCD7Q8NW;
				ENABLE_PREVIEWS = YES;
				GENERATE_INFOPLIST_FILE = YES;
				INFOPLIST_FILE = Hodori/Info.plist;
				"INFOPLIST_KEY_UIApplicationSceneManifest_Generation[sdk=iphoneos*]" = YES;
				"INFOPLIST_KEY_UIApplicationSceneManifest_Generation[sdk=iphonesimulator*]" = YES;
				"INFOPLIST_KEY_UIApplicationSupportsIndirectInputEvents[sdk=iphoneos*]" = YES;
				"INFOPLIST_KEY_UIApplicationSupportsIndirectInputEvents[sdk=iphonesimulator*]" = YES;
				"INFOPLIST_KEY_UILaunchScreen_Generation[sdk=iphoneos*]" = YES;
				"INFOPLIST_KEY_UILaunchScreen_Generation[sdk=iphonesimulator*]" = YES;
				INFOPLIST_KEY_UIStatusBarStyle = "";
				"INFOPLIST_KEY_UIStatusBarStyle[sdk=iphoneos*]" = UIStatusBarStyleDefault;
				"INFOPLIST_KEY_UIStatusBarStyle[sdk=iphonesimulator*]" = UIStatusBarStyleDefault;
				INFOPLIST_KEY_UISupportedInterfaceOrientations = "UIInterfaceOrientationLandscapeLeft UIInterfaceOrientationLandscapeRight UIInterfaceOrientationPortrait";
				INFOPLIST_KEY_UISupportedInterfaceOrientations_iPad = "UIInterfaceOrientationLandscapeLeft UIInterfaceOrientationLandscapeRight";
				IPHONEOS_DEPLOYMENT_TARGET = 16.0;
				LD_RUNPATH_SEARCH_PATHS = "@executable_path/Frameworks";
				"LD_RUNPATH_SEARCH_PATHS[sdk=macosx*]" = "@executable_path/../Frameworks";
				MACOSX_DEPLOYMENT_TARGET = 14.0;
				MARKETING_VERSION = 1.0;
				PRODUCT_BUNDLE_IDENTIFIER = Macro.Hodori;
				PRODUCT_NAME = "$(TARGET_NAME)";
				PROVISIONING_PROFILE_SPECIFIER = "";
				SDKROOT = auto;
				SUPPORTED_PLATFORMS = "iphoneos iphonesimulator";
				SUPPORTS_MACCATALYST = NO;
				SWIFT_EMIT_LOC_STRINGS = YES;
				SWIFT_VERSION = 5.0;
				TARGETED_DEVICE_FAMILY = 2;
			};
			name = Release;
		};
/* End XCBuildConfiguration section */

/* Begin XCConfigurationList section */
		0736DC122AD502CE002F1FE0 /* Build configuration list for PBXProject "Hodori" */ = {
			isa = XCConfigurationList;
			buildConfigurations = (
				0736DC242AD502CF002F1FE0 /* Debug */,
				0736DC252AD502CF002F1FE0 /* Release */,
			);
			defaultConfigurationIsVisible = 0;
			defaultConfigurationName = Release;
		};
		0736DC262AD502CF002F1FE0 /* Build configuration list for PBXNativeTarget "Hodori" */ = {
			isa = XCConfigurationList;
			buildConfigurations = (
				0736DC272AD502CF002F1FE0 /* Debug */,
				0736DC282AD502CF002F1FE0 /* Release */,
			);
			defaultConfigurationIsVisible = 0;
			defaultConfigurationName = Release;
		};
/* End XCConfigurationList section */

/* Begin XCRemoteSwiftPackageReference section */
		0736DC292AD5F05D002F1FE0 /* XCRemoteSwiftPackageReference "firebase-ios-sdk" */ = {
			isa = XCRemoteSwiftPackageReference;
			repositoryURL = "https://github.com/firebase/firebase-ios-sdk.git";
			requirement = {
				kind = exactVersion;
				version = 10.16.0;
			};
		};
/* End XCRemoteSwiftPackageReference section */

/* Begin XCSwiftPackageProductDependency section */
		0736DC362AD5F05D002F1FE0 /* FirebaseAuth */ = {
			isa = XCSwiftPackageProductDependency;
			package = 0736DC292AD5F05D002F1FE0 /* XCRemoteSwiftPackageReference "firebase-ios-sdk" */;
			productName = FirebaseAuth;
		};
		0736DC382AD5F05D002F1FE0 /* FirebaseAuthCombine-Community */ = {
			isa = XCSwiftPackageProductDependency;
			package = 0736DC292AD5F05D002F1FE0 /* XCRemoteSwiftPackageReference "firebase-ios-sdk" */;
			productName = "FirebaseAuthCombine-Community";
		};
		0736DC422AD5F05D002F1FE0 /* FirebaseFirestore */ = {
			isa = XCSwiftPackageProductDependency;
			package = 0736DC292AD5F05D002F1FE0 /* XCRemoteSwiftPackageReference "firebase-ios-sdk" */;
			productName = FirebaseFirestore;
		};
		0736DC442AD5F05D002F1FE0 /* FirebaseFirestoreCombine-Community */ = {
			isa = XCSwiftPackageProductDependency;
			package = 0736DC292AD5F05D002F1FE0 /* XCRemoteSwiftPackageReference "firebase-ios-sdk" */;
			productName = "FirebaseFirestoreCombine-Community";
		};
		0736DC462AD5F05D002F1FE0 /* FirebaseFirestoreSwift */ = {
			isa = XCSwiftPackageProductDependency;
			package = 0736DC292AD5F05D002F1FE0 /* XCRemoteSwiftPackageReference "firebase-ios-sdk" */;
			productName = FirebaseFirestoreSwift;
		};
/* End XCSwiftPackageProductDependency section */
	};
	rootObject = 0736DC0F2AD502CE002F1FE0 /* Project object */;
}
